
Microsoft Visual Studio Solution File, Format Version 12.00
# Visual Studio 15
VisualStudioVersion = 15.0.28307.421
MinimumVisualStudioVersion = 10.0.40219.1
Project("{FAE04EC0-301F-11D3-BF4B-00C04F79EFBC}") = "FirstApp.Android", "FirstApp\FirstApp.Android\FirstApp.Android.csproj", "{B286EE2C-AB26-40F9-A001-25684C20F9C6}"
EndProject
Project("{FAE04EC0-301F-11D3-BF4B-00C04F79EFBC}") = "FirstApp.iOS", "FirstApp\FirstApp.iOS\FirstApp.iOS.csproj", "{CD928FEF-9EDB-4408-946B-64D2FBAC04E1}"
EndProject
Project("{FAE04EC0-301F-11D3-BF4B-00C04F79EFBC}") = "FirstApp", "FirstApp\FirstApp\FirstApp.csproj", "{C82684B4-90A1-4198-8200-EE9F6E64DFAC}"
EndProject
Global
	GlobalSection(SolutionConfigurationPlatforms) = preSolution
		Ad-Hoc|Any CPU = Ad-Hoc|Any CPU
		Ad-Hoc|iPhone = Ad-Hoc|iPhone
		Ad-Hoc|iPhoneSimulator = Ad-Hoc|iPhoneSimulator
		AppStore|Any CPU = AppStore|Any CPU
		AppStore|iPhone = AppStore|iPhone
		AppStore|iPhoneSimulator = AppStore|iPhoneSimulator
		Debug|Any CPU = Debug|Any CPU
		Debug|iPhone = Debug|iPhone
		Debug|iPhoneSimulator = Debug|iPhoneSimulator
		Release|Any CPU = Release|Any CPU
		Release|iPhone = Release|iPhone
		Release|iPhoneSimulator = Release|iPhoneSimulator
	EndGlobalSection
	GlobalSection(ProjectConfigurationPlatforms) = postSolution
		{B286EE2C-AB26-40F9-A001-25684C20F9C6}.Ad-Hoc|Any CPU.ActiveCfg = Release|Any CPU
		{B286EE2C-AB26-40F9-A001-25684C20F9C6}.Ad-Hoc|Any CPU.Build.0 = Release|Any CPU
		{B286EE2C-AB26-40F9-A001-25684C20F9C6}.Ad-Hoc|Any CPU.Deploy.0 = Release|Any CPU
		{B286EE2C-AB26-40F9-A001-25684C20F9C6}.Ad-Hoc|iPhone.ActiveCfg = Release|Any CPU
		{B286EE2C-AB26-40F9-A001-25684C20F9C6}.Ad-Hoc|iPhone.Build.0 = Release|Any CPU
		{B286EE2C-AB26-40F9-A001-25684C20F9C6}.Ad-Hoc|iPhone.Deploy.0 = Release|Any CPU
		{B286EE2C-AB26-40F9-A001-25684C20F9C6}.Ad-Hoc|iPhoneSimulator.ActiveCfg = Release|Any CPU
		{B286EE2C-AB26-40F9-A001-25684C20F9C6}.Ad-Hoc|iPhoneSimulator.Build.0 = Release|Any CPU
		{B286EE2C-AB26-40F9-A001-25684C20F9C6}.Ad-Hoc|iPhoneSimulator.Deploy.0 = Release|Any CPU
		{B286EE2C-AB26-40F9-A001-25684C20F9C6}.AppStore|Any CPU.ActiveCfg = Release|Any CPU
		{B286EE2C-AB26-40F9-A001-25684C20F9C6}.AppStore|Any CPU.Build.0 = Release|Any CPU
		{B286EE2C-AB26-40F9-A001-25684C20F9C6}.AppStore|Any CPU.Deploy.0 = Release|Any CPU
		{B286EE2C-AB26-40F9-A001-25684C20F9C6}.AppStore|iPhone.ActiveCfg = Release|Any CPU
		{B286EE2C-AB26-40F9-A001-25684C20F9C6}.AppStore|iPhone.Build.0 = Release|Any CPU
		{B286EE2C-AB26-40F9-A001-25684C20F9C6}.AppStore|iPhone.Deploy.0 = Release|Any CPU
		{B286EE2C-AB26-40F9-A001-25684C20F9C6}.AppStore|iPhoneSimulator.ActiveCfg = Release|Any CPU
		{B286EE2C-AB26-40F9-A001-25684C20F9C6}.AppStore|iPhoneSimulator.Build.0 = Release|Any CPU
		{B286EE2C-AB26-40F9-A001-25684C20F9C6}.AppStore|iPhoneSimulator.Deploy.0 = Release|Any CPU
		{B286EE2C-AB26-40F9-A001-25684C20F9C6}.Debug|Any CPU.ActiveCfg = Debug|Any CPU
		{B286EE2C-AB26-40F9-A001-25684C20F9C6}.Debug|Any CPU.Build.0 = Debug|Any CPU
		{B286EE2C-AB26-40F9-A001-25684C20F9C6}.Debug|Any CPU.Deploy.0 = Debug|Any CPU
		{B286EE2C-AB26-40F9-A001-25684C20F9C6}.Debug|iPhone.ActiveCfg = Debug|Any CPU
		{B286EE2C-AB26-40F9-A001-25684C20F9C6}.Debug|iPhone.Build.0 = Debug|Any CPU
		{B286EE2C-AB26-40F9-A001-25684C20F9C6}.Debug|iPhone.Deploy.0 = Debug|Any CPU
		{B286EE2C-AB26-40F9-A001-25684C20F9C6}.Debug|iPhoneSimulator.ActiveCfg = Debug|Any CPU
		{B286EE2C-AB26-40F9-A001-25684C20F9C6}.Debug|iPhoneSimulator.Build.0 = Debug|Any CPU
		{B286EE2C-AB26-40F9-A001-25684C20F9C6}.Debug|iPhoneSimulator.Deploy.0 = Debug|Any CPU
		{B286EE2C-AB26-40F9-A001-25684C20F9C6}.Release|Any CPU.ActiveCfg = Release|Any CPU
		{B286EE2C-AB26-40F9-A001-25684C20F9C6}.Release|Any CPU.Build.0 = Release|Any CPU
		{B286EE2C-AB26-40F9-A001-25684C20F9C6}.Release|Any CPU.Deploy.0 = Release|Any CPU
		{B286EE2C-AB26-40F9-A001-25684C20F9C6}.Release|iPhone.ActiveCfg = Release|Any CPU
		{B286EE2C-AB26-40F9-A001-25684C20F9C6}.Release|iPhone.Build.0 = Release|Any CPU
		{B286EE2C-AB26-40F9-A001-25684C20F9C6}.Release|iPhone.Deploy.0 = Release|Any CPU
		{B286EE2C-AB26-40F9-A001-25684C20F9C6}.Release|iPhoneSimulator.ActiveCfg = Release|Any CPU
		{B286EE2C-AB26-40F9-A001-25684C20F9C6}.Release|iPhoneSimulator.Build.0 = Release|Any CPU
		{B286EE2C-AB26-40F9-A001-25684C20F9C6}.Release|iPhoneSimulator.Deploy.0 = Release|Any CPU
		{CD928FEF-9EDB-4408-946B-64D2FBAC04E1}.Ad-Hoc|Any CPU.ActiveCfg = Ad-Hoc|iPhone
		{CD928FEF-9EDB-4408-946B-64D2FBAC04E1}.Ad-Hoc|Any CPU.Build.0 = Ad-Hoc|iPhone
		{CD928FEF-9EDB-4408-946B-64D2FBAC04E1}.Ad-Hoc|Any CPU.Deploy.0 = Ad-Hoc|iPhone
		{CD928FEF-9EDB-4408-946B-64D2FBAC04E1}.Ad-Hoc|iPhone.ActiveCfg = Ad-Hoc|iPhone
		{CD928FEF-9EDB-4408-946B-64D2FBAC04E1}.Ad-Hoc|iPhone.Build.0 = Ad-Hoc|iPhone
		{CD928FEF-9EDB-4408-946B-64D2FBAC04E1}.Ad-Hoc|iPhone.Deploy.0 = Ad-Hoc|iPhone
		{CD928FEF-9EDB-4408-946B-64D2FBAC04E1}.Ad-Hoc|iPhoneSimulator.ActiveCfg = Ad-Hoc|iPhoneSimulator
		{CD928FEF-9EDB-4408-946B-64D2FBAC04E1}.Ad-Hoc|iPhoneSimulator.Build.0 = Ad-Hoc|iPhoneSimulator
		{CD928FEF-9EDB-4408-946B-64D2FBAC04E1}.Ad-Hoc|iPhoneSimulator.Deploy.0 = Ad-Hoc|iPhoneSimulator
		{CD928FEF-9EDB-4408-946B-64D2FBAC04E1}.AppStore|Any CPU.ActiveCfg = AppStore|iPhone
		{CD928FEF-9EDB-4408-946B-64D2FBAC04E1}.AppStore|Any CPU.Build.0 = AppStore|iPhone
		{CD928FEF-9EDB-4408-946B-64D2FBAC04E1}.AppStore|Any CPU.Deploy.0 = AppStore|iPhone
		{CD928FEF-9EDB-4408-946B-64D2FBAC04E1}.AppStore|iPhone.ActiveCfg = AppStore|iPhone
		{CD928FEF-9EDB-4408-946B-64D2FBAC04E1}.AppStore|iPhone.Build.0 = AppStore|iPhone
		{CD928FEF-9EDB-4408-946B-64D2FBAC04E1}.AppStore|iPhone.Deploy.0 = AppStore|iPhone
		{CD928FEF-9EDB-4408-946B-64D2FBAC04E1}.AppStore|iPhoneSimulator.ActiveCfg = AppStore|iPhoneSimulator
		{CD928FEF-9EDB-4408-946B-64D2FBAC04E1}.AppStore|iPhoneSimulator.Build.0 = AppStore|iPhoneSimulator
		{CD928FEF-9EDB-4408-946B-64D2FBAC04E1}.AppStore|iPhoneSimulator.Deploy.0 = AppStore|iPhoneSimulator
		{CD928FEF-9EDB-4408-946B-64D2FBAC04E1}.Debug|Any CPU.ActiveCfg = Debug|iPhoneSimulator
		{CD928FEF-9EDB-4408-946B-64D2FBAC04E1}.Debug|Any CPU.Build.0 = Debug|iPhoneSimulator
		{CD928FEF-9EDB-4408-946B-64D2FBAC04E1}.Debug|Any CPU.Deploy.0 = Debug|iPhoneSimulator
		{CD928FEF-9EDB-4408-946B-64D2FBAC04E1}.Debug|iPhone.ActiveCfg = Debug|iPhone
		{CD928FEF-9EDB-4408-946B-64D2FBAC04E1}.Debug|iPhone.Build.0 = Debug|iPhone
		{CD928FEF-9EDB-4408-946B-64D2FBAC04E1}.Debug|iPhone.Deploy.0 = Debug|iPhone
		{CD928FEF-9EDB-4408-946B-64D2FBAC04E1}.Debug|iPhoneSimulator.ActiveCfg = Debug|iPhoneSimulator
		{CD928FEF-9EDB-4408-946B-64D2FBAC04E1}.Debug|iPhoneSimulator.Build.0 = Debug|iPhoneSimulator
		{CD928FEF-9EDB-4408-946B-64D2FBAC04E1}.Debug|iPhoneSimulator.Deploy.0 = Debug|iPhoneSimulator
		{CD928FEF-9EDB-4408-946B-64D2FBAC04E1}.Release|Any CPU.ActiveCfg = Release|iPhone
		{CD928FEF-9EDB-4408-946B-64D2FBAC04E1}.Release|Any CPU.Build.0 = Release|iPhone
		{CD928FEF-9EDB-4408-946B-64D2FBAC04E1}.Release|Any CPU.Deploy.0 = Release|iPhone
		{CD928FEF-9EDB-4408-946B-64D2FBAC04E1}.Release|iPhone.ActiveCfg = Release|iPhone
		{CD928FEF-9EDB-4408-946B-64D2FBAC04E1}.Release|iPhone.Build.0 = Release|iPhone
		{CD928FEF-9EDB-4408-946B-64D2FBAC04E1}.Release|iPhone.Deploy.0 = Release|iPhone
		{CD928FEF-9EDB-4408-946B-64D2FBAC04E1}.Release|iPhoneSimulator.ActiveCfg = Release|iPhoneSimulator
		{CD928FEF-9EDB-4408-946B-64D2FBAC04E1}.Release|iPhoneSimulator.Build.0 = Release|iPhoneSimulator
		{CD928FEF-9EDB-4408-946B-64D2FBAC04E1}.Release|iPhoneSimulator.Deploy.0 = Release|iPhoneSimulator
		{C82684B4-90A1-4198-8200-EE9F6E64DFAC}.Ad-Hoc|Any CPU.ActiveCfg = Debug|Any CPU
		{C82684B4-90A1-4198-8200-EE9F6E64DFAC}.Ad-Hoc|Any CPU.Build.0 = Debug|Any CPU
		{C82684B4-90A1-4198-8200-EE9F6E64DFAC}.Ad-Hoc|Any CPU.Deploy.0 = Debug|Any CPU
		{C82684B4-90A1-4198-8200-EE9F6E64DFAC}.Ad-Hoc|iPhone.ActiveCfg = Debug|Any CPU
		{C82684B4-90A1-4198-8200-EE9F6E64DFAC}.Ad-Hoc|iPhone.Build.0 = Debug|Any CPU
		{C82684B4-90A1-4198-8200-EE9F6E64DFAC}.Ad-Hoc|iPhone.Deploy.0 = Debug|Any CPU
		{C82684B4-90A1-4198-8200-EE9F6E64DFAC}.Ad-Hoc|iPhoneSimulator.ActiveCfg = Debug|Any CPU
		{C82684B4-90A1-4198-8200-EE9F6E64DFAC}.Ad-Hoc|iPhoneSimulator.Build.0 = Debug|Any CPU
		{C82684B4-90A1-4198-8200-EE9F6E64DFAC}.Ad-Hoc|iPhoneSimulator.Deploy.0 = Debug|Any CPU
		{C82684B4-90A1-4198-8200-EE9F6E64DFAC}.AppStore|Any CPU.ActiveCfg = Debug|Any CPU
		{C82684B4-90A1-4198-8200-EE9F6E64DFAC}.AppStore|Any CPU.Build.0 = Debug|Any CPU
		{C82684B4-90A1-4198-8200-EE9F6E64DFAC}.AppStore|Any CPU.Deploy.0 = Debug|Any CPU
		{C82684B4-90A1-4198-8200-EE9F6E64DFAC}.AppStore|iPhone.ActiveCfg = Debug|Any CPU
		{C82684B4-90A1-4198-8200-EE9F6E64DFAC}.AppStore|iPhone.Build.0 = Debug|Any CPU
		{C82684B4-90A1-4198-8200-EE9F6E64DFAC}.AppStore|iPhone.Deploy.0 = Debug|Any CPU
		{C82684B4-90A1-4198-8200-EE9F6E64DFAC}.AppStore|iPhoneSimulator.ActiveCfg = Debug|Any CPU
		{C82684B4-90A1-4198-8200-EE9F6E64DFAC}.AppStore|iPhoneSimulator.Build.0 = Debug|Any CPU
		{C82684B4-90A1-4198-8200-EE9F6E64DFAC}.AppStore|iPhoneSimulator.Deploy.0 = Debug|Any CPU
		{C82684B4-90A1-4198-8200-EE9F6E64DFAC}.Debug|Any CPU.ActiveCfg = Debug|Any CPU
		{C82684B4-90A1-4198-8200-EE9F6E64DFAC}.Debug|Any CPU.Build.0 = Debug|Any CPU
		{C82684B4-90A1-4198-8200-EE9F6E64DFAC}.Debug|Any CPU.Deploy.0 = Debug|Any CPU
		{C82684B4-90A1-4198-8200-EE9F6E64DFAC}.Debug|iPhone.ActiveCfg = Debug|Any CPU
		{C82684B4-90A1-4198-8200-EE9F6E64DFAC}.Debug|iPhone.Build.0 = Debug|Any CPU
		{C82684B4-90A1-4198-8200-EE9F6E64DFAC}.Debug|iPhone.Deploy.0 = Debug|Any CPU
		{C82684B4-90A1-4198-8200-EE9F6E64DFAC}.Debug|iPhoneSimulator.ActiveCfg = Debug|Any CPU
		{C82684B4-90A1-4198-8200-EE9F6E64DFAC}.Debug|iPhoneSimulator.Build.0 = Debug|Any CPU
		{C82684B4-90A1-4198-8200-EE9F6E64DFAC}.Debug|iPhoneSimulator.Deploy.0 = Debug|Any CPU
		{C82684B4-90A1-4198-8200-EE9F6E64DFAC}.Release|Any CPU.ActiveCfg = Release|Any CPU
		{C82684B4-90A1-4198-8200-EE9F6E64DFAC}.Release|Any CPU.Build.0 = Release|Any CPU
		{C82684B4-90A1-4198-8200-EE9F6E64DFAC}.Release|Any CPU.Deploy.0 = Release|Any CPU
		{C82684B4-90A1-4198-8200-EE9F6E64DFAC}.Release|iPhone.ActiveCfg = Release|Any CPU
		{C82684B4-90A1-4198-8200-EE9F6E64DFAC}.Release|iPhone.Build.0 = Release|Any CPU
		{C82684B4-90A1-4198-8200-EE9F6E64DFAC}.Release|iPhone.Deploy.0 = Release|Any CPU
		{C82684B4-90A1-4198-8200-EE9F6E64DFAC}.Release|iPhoneSimulator.ActiveCfg = Release|Any CPU
		{C82684B4-90A1-4198-8200-EE9F6E64DFAC}.Release|iPhoneSimulator.Build.0 = Release|Any CPU
		{C82684B4-90A1-4198-8200-EE9F6E64DFAC}.Release|iPhoneSimulator.Deploy.0 = Release|Any CPU
	EndGlobalSection
	GlobalSection(SolutionProperties) = preSolution
		HideSolutionNode = FALSE
	EndGlobalSection
	GlobalSection(ExtensibilityGlobals) = postSolution
		SolutionGuid = {9217A121-A91F-425F-AA74-B3F5B32A8E40}
	EndGlobalSection
EndGlobal
